
Microsoft Visual Studio Solution File, Format Version 12.00
# Visual Studio 2013
VisualStudioVersion = 12.0.40629.0
MinimumVisualStudioVersion = 10.0.40219.1
Project("{FAE04EC0-301F-11D3-BF4B-00C04F79EFBC}") = "Shopee", "Shopee\Shopee.csproj", "{A88635EA-17AC-46EF-9E5A-E2B51015E162}"
EndProject
Project("{FAE04EC0-301F-11D3-BF4B-00C04F79EFBC}") = "ShopeeSDK", "ShopeeSDK\ShopeeSDK.csproj", "{C0C324ED-E904-4B3E-B46F-393F6549775D}"
EndProject
Global
	GlobalSection(SolutionConfigurationPlatforms) = preSolution
		Debug|Any CPU = Debug|Any CPU
		Release|Any CPU = Release|Any CPU
	EndGlobalSection
	GlobalSection(ProjectConfigurationPlatforms) = postSolution
		{A88635EA-17AC-46EF-9E5A-E2B51015E162}.Debug|Any CPU.ActiveCfg = Debug|Any CPU
		{A88635EA-17AC-46EF-9E5A-E2B51015E162}.Debug|Any CPU.Build.0 = Debug|Any CPU
		{A88635EA-17AC-46EF-9E5A-E2B51015E162}.Release|Any CPU.ActiveCfg = Release|Any CPU
		{A88635EA-17AC-46EF-9E5A-E2B51015E162}.Release|Any CPU.Build.0 = Release|Any CPU
		{C0C324ED-E904-4B3E-B46F-393F6549775D}.Debug|Any CPU.ActiveCfg = Debug|Any CPU
		{C0C324ED-E904-4B3E-B46F-393F6549775D}.Debug|Any CPU.Build.0 = Debug|Any CPU
		{C0C324ED-E904-4B3E-B46F-393F6549775D}.Release|Any CPU.ActiveCfg = Release|Any CPU
		{C0C324ED-E904-4B3E-B46F-393F6549775D}.Release|Any CPU.Build.0 = Release|Any CPU
	EndGlobalSection
	GlobalSection(SolutionProperties) = preSolution
		HideSolutionNode = FALSE
	EndGlobalSection
EndGlobal
